// !$*UTF8*$!
{
	archiveVersion = 1;
	classes = {
	};
	objectVersion = 51;
	objects = {

/* Begin PBXBuildFile section */
		15C1138DB043BA0AB9579101 /* Pods_Livre_Partage_ios.framework in Frameworks */ = {isa = PBXBuildFile; fileRef = A19A0681BAAB31F221CBD952 /* Pods_Livre_Partage_ios.framework */; };
		3F11BD09301DA760D2CDE976 /* Pods_Livre_Partage_ios_Livre_Partage_iosUITests.framework in Frameworks */ = {isa = PBXBuildFile; fileRef = 7A3313174CB6E5A19ABD6D46 /* Pods_Livre_Partage_ios_Livre_Partage_iosUITests.framework */; };
		44D739B4A164CD6458F06844 /* Pods_Livre_Partage_iosTests.framework in Frameworks */ = {isa = PBXBuildFile; fileRef = 57743F51D25FFD63D64A260F /* Pods_Livre_Partage_iosTests.framework */; };
		6C62F698257E116500AB34DE /* API.swift in Sources */ = {isa = PBXBuildFile; fileRef = 6C62F697257E116500AB34DE /* API.swift */; };
		6C62F6AC257E3A5F00AB34DE /* TableViewCell.swift in Sources */ = {isa = PBXBuildFile; fileRef = 6C62F6AB257E3A5F00AB34DE /* TableViewCell.swift */; };
		6C62F6B1257E3A9B00AB34DE /* ViewController.swift in Sources */ = {isa = PBXBuildFile; fileRef = 6C62F6B0257E3A9B00AB34DE /* ViewController.swift */; };
		6C73F3C42580D9F900F545CD /* GoogleService-Info.plist in Resources */ = {isa = PBXBuildFile; fileRef = 6C73F3C32580D9F900F545CD /* GoogleService-Info.plist */; };
		6C9618232582186000B626E0 /* BookView.swift in Sources */ = {isa = PBXBuildFile; fileRef = 6C9618222582186000B626E0 /* BookView.swift */; };
		6CB334282578C7DC007D7A99 /* AppDelegate.swift in Sources */ = {isa = PBXBuildFile; fileRef = 6CB334272578C7DC007D7A99 /* AppDelegate.swift */; };
		6CB3342A2578C7DC007D7A99 /* SceneDelegate.swift in Sources */ = {isa = PBXBuildFile; fileRef = 6CB334292578C7DC007D7A99 /* SceneDelegate.swift */; };
		6CB3342F2578C7DC007D7A99 /* Main.storyboard in Resources */ = {isa = PBXBuildFile; fileRef = 6CB3342D2578C7DC007D7A99 /* Main.storyboard */; };
		6CB334312578C7EE007D7A99 /* Assets.xcassets in Resources */ = {isa = PBXBuildFile; fileRef = 6CB334302578C7EE007D7A99 /* Assets.xcassets */; };
		6CB334342578C7EE007D7A99 /* LaunchScreen.storyboard in Resources */ = {isa = PBXBuildFile; fileRef = 6CB334322578C7EE007D7A99 /* LaunchScreen.storyboard */; };
		6CB3343F2578C7EF007D7A99 /* Livre_Partage_iosTests.swift in Sources */ = {isa = PBXBuildFile; fileRef = 6CB3343E2578C7EF007D7A99 /* Livre_Partage_iosTests.swift */; };
		6CB3344A2578C7EF007D7A99 /* Livre_Partage_iosUITests.swift in Sources */ = {isa = PBXBuildFile; fileRef = 6CB334492578C7EF007D7A99 /* Livre_Partage_iosUITests.swift */; };
		6CB334622578DC83007D7A99 /* APIManager.swift in Sources */ = {isa = PBXBuildFile; fileRef = 6CB334612578DC83007D7A99 /* APIManager.swift */; };
		E39FA5FA2580BF3200A3AAD2 /* BookTableViewCell.swift in Sources */ = {isa = PBXBuildFile; fileRef = E39FA5F92580BF3200A3AAD2 /* BookTableViewCell.swift */; };
/* End PBXBuildFile section */

/* Begin PBXContainerItemProxy section */
		6CB3343B2578C7EF007D7A99 /* PBXContainerItemProxy */ = {
			isa = PBXContainerItemProxy;
			containerPortal = 6CB3341C2578C7DC007D7A99 /* Project object */;
			proxyType = 1;
			remoteGlobalIDString = 6CB334232578C7DC007D7A99;
			remoteInfo = "Livre Partage ios";
		};
		6CB334462578C7EF007D7A99 /* PBXContainerItemProxy */ = {
			isa = PBXContainerItemProxy;
			containerPortal = 6CB3341C2578C7DC007D7A99 /* Project object */;
			proxyType = 1;
			remoteGlobalIDString = 6CB334232578C7DC007D7A99;
			remoteInfo = "Livre Partage ios";
		};
/* End PBXContainerItemProxy section */

/* Begin PBXFileReference section */
		053BD772B03F95CB02783E3A /* Pods-Livre Partage ios.debug.xcconfig */ = {isa = PBXFileReference; includeInIndex = 1; lastKnownFileType = text.xcconfig; name = "Pods-Livre Partage ios.debug.xcconfig"; path = "Target Support Files/Pods-Livre Partage ios/Pods-Livre Partage ios.debug.xcconfig"; sourceTree = "<group>"; };
		500552F2A10D94BDB601DBEA /* Pods-Livre Partage ios-Livre Partage iosUITests.release.xcconfig */ = {isa = PBXFileReference; includeInIndex = 1; lastKnownFileType = text.xcconfig; name = "Pods-Livre Partage ios-Livre Partage iosUITests.release.xcconfig"; path = "Target Support Files/Pods-Livre Partage ios-Livre Partage iosUITests/Pods-Livre Partage ios-Livre Partage iosUITests.release.xcconfig"; sourceTree = "<group>"; };
		57743F51D25FFD63D64A260F /* Pods_Livre_Partage_iosTests.framework */ = {isa = PBXFileReference; explicitFileType = wrapper.framework; includeInIndex = 0; path = Pods_Livre_Partage_iosTests.framework; sourceTree = BUILT_PRODUCTS_DIR; };
		632912CFC458EF30630FF404 /* Pods-Livre Partage iosTests.debug.xcconfig */ = {isa = PBXFileReference; includeInIndex = 1; lastKnownFileType = text.xcconfig; name = "Pods-Livre Partage iosTests.debug.xcconfig"; path = "Target Support Files/Pods-Livre Partage iosTests/Pods-Livre Partage iosTests.debug.xcconfig"; sourceTree = "<group>"; };
		6C62F697257E116500AB34DE /* API.swift */ = {isa = PBXFileReference; lastKnownFileType = sourcecode.swift; name = API.swift; path = "Livre Partage ios/API.swift"; sourceTree = SOURCE_ROOT; };
		6C62F6AB257E3A5F00AB34DE /* TableViewCell.swift */ = {isa = PBXFileReference; lastKnownFileType = sourcecode.swift; path = TableViewCell.swift; sourceTree = "<group>"; };
		6C62F6B0257E3A9B00AB34DE /* ViewController.swift */ = {isa = PBXFileReference; lastKnownFileType = sourcecode.swift; path = ViewController.swift; sourceTree = "<group>"; };
		6C73F3C32580D9F900F545CD /* GoogleService-Info.plist */ = {isa = PBXFileReference; fileEncoding = 4; lastKnownFileType = text.plist.xml; name = "GoogleService-Info.plist"; path = "../../../Downloads/GoogleService-Info.plist"; sourceTree = "<group>"; };
		6C9618222582186000B626E0 /* BookView.swift */ = {isa = PBXFileReference; lastKnownFileType = sourcecode.swift; path = BookView.swift; sourceTree = "<group>"; };
		6CB334242578C7DC007D7A99 /* Livre Partage ios.app */ = {isa = PBXFileReference; explicitFileType = wrapper.application; includeInIndex = 0; path = "Livre Partage ios.app"; sourceTree = BUILT_PRODUCTS_DIR; };
		6CB334272578C7DC007D7A99 /* AppDelegate.swift */ = {isa = PBXFileReference; lastKnownFileType = sourcecode.swift; path = AppDelegate.swift; sourceTree = "<group>"; };
		6CB334292578C7DC007D7A99 /* SceneDelegate.swift */ = {isa = PBXFileReference; lastKnownFileType = sourcecode.swift; path = SceneDelegate.swift; sourceTree = "<group>"; };
		6CB3342E2578C7DC007D7A99 /* Base */ = {isa = PBXFileReference; lastKnownFileType = file.storyboard; name = Base; path = Base.lproj/Main.storyboard; sourceTree = "<group>"; };
		6CB334302578C7EE007D7A99 /* Assets.xcassets */ = {isa = PBXFileReference; lastKnownFileType = folder.assetcatalog; path = Assets.xcassets; sourceTree = "<group>"; };
		6CB334332578C7EE007D7A99 /* Base */ = {isa = PBXFileReference; lastKnownFileType = file.storyboard; name = Base; path = Base.lproj/LaunchScreen.storyboard; sourceTree = "<group>"; };
		6CB334352578C7EE007D7A99 /* Info.plist */ = {isa = PBXFileReference; lastKnownFileType = text.plist.xml; path = Info.plist; sourceTree = "<group>"; };
		6CB3343A2578C7EF007D7A99 /* Livre Partage iosTests.xctest */ = {isa = PBXFileReference; explicitFileType = wrapper.cfbundle; includeInIndex = 0; path = "Livre Partage iosTests.xctest"; sourceTree = BUILT_PRODUCTS_DIR; };
		6CB3343E2578C7EF007D7A99 /* Livre_Partage_iosTests.swift */ = {isa = PBXFileReference; lastKnownFileType = sourcecode.swift; path = Livre_Partage_iosTests.swift; sourceTree = "<group>"; };
		6CB334402578C7EF007D7A99 /* Info.plist */ = {isa = PBXFileReference; lastKnownFileType = text.plist.xml; path = Info.plist; sourceTree = "<group>"; };
		6CB334452578C7EF007D7A99 /* Livre Partage iosUITests.xctest */ = {isa = PBXFileReference; explicitFileType = wrapper.cfbundle; includeInIndex = 0; path = "Livre Partage iosUITests.xctest"; sourceTree = BUILT_PRODUCTS_DIR; };
		6CB334492578C7EF007D7A99 /* Livre_Partage_iosUITests.swift */ = {isa = PBXFileReference; lastKnownFileType = sourcecode.swift; path = Livre_Partage_iosUITests.swift; sourceTree = "<group>"; };
		6CB3344B2578C7EF007D7A99 /* Info.plist */ = {isa = PBXFileReference; lastKnownFileType = text.plist.xml; path = Info.plist; sourceTree = "<group>"; };
		6CB334612578DC83007D7A99 /* APIManager.swift */ = {isa = PBXFileReference; lastKnownFileType = sourcecode.swift; path = APIManager.swift; sourceTree = "<group>"; };
		7A3313174CB6E5A19ABD6D46 /* Pods_Livre_Partage_ios_Livre_Partage_iosUITests.framework */ = {isa = PBXFileReference; explicitFileType = wrapper.framework; includeInIndex = 0; path = Pods_Livre_Partage_ios_Livre_Partage_iosUITests.framework; sourceTree = BUILT_PRODUCTS_DIR; };
		7AF40A3CCA5EB1E9E67045F1 /* Pods-Livre Partage ios-Livre Partage iosUITests.debug.xcconfig */ = {isa = PBXFileReference; includeInIndex = 1; lastKnownFileType = text.xcconfig; name = "Pods-Livre Partage ios-Livre Partage iosUITests.debug.xcconfig"; path = "Target Support Files/Pods-Livre Partage ios-Livre Partage iosUITests/Pods-Livre Partage ios-Livre Partage iosUITests.debug.xcconfig"; sourceTree = "<group>"; };
		A19A0681BAAB31F221CBD952 /* Pods_Livre_Partage_ios.framework */ = {isa = PBXFileReference; explicitFileType = wrapper.framework; includeInIndex = 0; path = Pods_Livre_Partage_ios.framework; sourceTree = BUILT_PRODUCTS_DIR; };
		AD358A3EFF0425D759B88FA0 /* Pods-Livre Partage ios.release.xcconfig */ = {isa = PBXFileReference; includeInIndex = 1; lastKnownFileType = text.xcconfig; name = "Pods-Livre Partage ios.release.xcconfig"; path = "Target Support Files/Pods-Livre Partage ios/Pods-Livre Partage ios.release.xcconfig"; sourceTree = "<group>"; };
		E39FA5F92580BF3200A3AAD2 /* BookTableViewCell.swift */ = {isa = PBXFileReference; lastKnownFileType = sourcecode.swift; path = BookTableViewCell.swift; sourceTree = "<group>"; };
		FC5D24039F3FA5F78B3961CF /* Pods-Livre Partage iosTests.release.xcconfig */ = {isa = PBXFileReference; includeInIndex = 1; lastKnownFileType = text.xcconfig; name = "Pods-Livre Partage iosTests.release.xcconfig"; path = "Target Support Files/Pods-Livre Partage iosTests/Pods-Livre Partage iosTests.release.xcconfig"; sourceTree = "<group>"; };
/* End PBXFileReference section */

/* Begin PBXFrameworksBuildPhase section */
		6CB334212578C7DC007D7A99 /* Frameworks */ = {
			isa = PBXFrameworksBuildPhase;
			buildActionMask = 2147483647;
			files = (
				15C1138DB043BA0AB9579101 /* Pods_Livre_Partage_ios.framework in Frameworks */,
			);
			runOnlyForDeploymentPostprocessing = 0;
		};
		6CB334372578C7EF007D7A99 /* Frameworks */ = {
			isa = PBXFrameworksBuildPhase;
			buildActionMask = 2147483647;
			files = (
				44D739B4A164CD6458F06844 /* Pods_Livre_Partage_iosTests.framework in Frameworks */,
			);
			runOnlyForDeploymentPostprocessing = 0;
		};
		6CB334422578C7EF007D7A99 /* Frameworks */ = {
			isa = PBXFrameworksBuildPhase;
			buildActionMask = 2147483647;
			files = (
				3F11BD09301DA760D2CDE976 /* Pods_Livre_Partage_ios_Livre_Partage_iosUITests.framework in Frameworks */,
			);
			runOnlyForDeploymentPostprocessing = 0;
		};
/* End PBXFrameworksBuildPhase section */

/* Begin PBXGroup section */
		6C62F696257E10FE00AB34DE /* Model */ = {
			isa = PBXGroup;
			children = (
				6CB334612578DC83007D7A99 /* APIManager.swift */,
			);
			path = Model;
			sourceTree = "<group>";
		};
		6C62F6A2257E1B4F00AB34DE /* Controllers */ = {
			isa = PBXGroup;
			children = (
				6C62F6AB257E3A5F00AB34DE /* TableViewCell.swift */,
				6C62F6B0257E3A9B00AB34DE /* ViewController.swift */,
				E39FA5F92580BF3200A3AAD2 /* BookTableViewCell.swift */,
				6C9618222582186000B626E0 /* BookView.swift */,
			);
			path = Controllers;
			sourceTree = "<group>";
		};
		6CB3341B2578C7DC007D7A99 = {
			isa = PBXGroup;
			children = (
				6CB334262578C7DC007D7A99 /* Livre Partage ios */,
				6CB3343D2578C7EF007D7A99 /* Livre Partage iosTests */,
				6CB334482578C7EF007D7A99 /* Livre Partage iosUITests */,
				6CB334252578C7DC007D7A99 /* Products */,
				C0D839C205015363FD237228 /* Pods */,
				B65815C3E531458912E9A8F0 /* Frameworks */,
			);
			sourceTree = "<group>";
		};
		6CB334252578C7DC007D7A99 /* Products */ = {
			isa = PBXGroup;
			children = (
				6CB334242578C7DC007D7A99 /* Livre Partage ios.app */,
				6CB3343A2578C7EF007D7A99 /* Livre Partage iosTests.xctest */,
				6CB334452578C7EF007D7A99 /* Livre Partage iosUITests.xctest */,
			);
			name = Products;
			sourceTree = "<group>";
		};
		6CB334262578C7DC007D7A99 /* Livre Partage ios */ = {
			isa = PBXGroup;
			children = (
				6C62F6A2257E1B4F00AB34DE /* Controllers */,
				6C62F696257E10FE00AB34DE /* Model */,
				6CB334272578C7DC007D7A99 /* AppDelegate.swift */,
				6C62F697257E116500AB34DE /* API.swift */,
				6CB334292578C7DC007D7A99 /* SceneDelegate.swift */,
				6CB3342D2578C7DC007D7A99 /* Main.storyboard */,
				6CB334302578C7EE007D7A99 /* Assets.xcassets */,
				6CB334322578C7EE007D7A99 /* LaunchScreen.storyboard */,
				6CB334352578C7EE007D7A99 /* Info.plist */,
				6C73F3C32580D9F900F545CD /* GoogleService-Info.plist */,
			);
			path = "Livre Partage ios";
			sourceTree = "<group>";
		};
		6CB3343D2578C7EF007D7A99 /* Livre Partage iosTests */ = {
			isa = PBXGroup;
			children = (
				6CB3343E2578C7EF007D7A99 /* Livre_Partage_iosTests.swift */,
				6CB334402578C7EF007D7A99 /* Info.plist */,
			);
			path = "Livre Partage iosTests";
			sourceTree = "<group>";
		};
		6CB334482578C7EF007D7A99 /* Livre Partage iosUITests */ = {
			isa = PBXGroup;
			children = (
				6CB334492578C7EF007D7A99 /* Livre_Partage_iosUITests.swift */,
				6CB3344B2578C7EF007D7A99 /* Info.plist */,
			);
			path = "Livre Partage iosUITests";
			sourceTree = "<group>";
		};
		B65815C3E531458912E9A8F0 /* Frameworks */ = {
			isa = PBXGroup;
			children = (
				A19A0681BAAB31F221CBD952 /* Pods_Livre_Partage_ios.framework */,
				7A3313174CB6E5A19ABD6D46 /* Pods_Livre_Partage_ios_Livre_Partage_iosUITests.framework */,
				57743F51D25FFD63D64A260F /* Pods_Livre_Partage_iosTests.framework */,
			);
			name = Frameworks;
			sourceTree = "<group>";
		};
		C0D839C205015363FD237228 /* Pods */ = {
			isa = PBXGroup;
			children = (
				053BD772B03F95CB02783E3A /* Pods-Livre Partage ios.debug.xcconfig */,
				AD358A3EFF0425D759B88FA0 /* Pods-Livre Partage ios.release.xcconfig */,
				7AF40A3CCA5EB1E9E67045F1 /* Pods-Livre Partage ios-Livre Partage iosUITests.debug.xcconfig */,
				500552F2A10D94BDB601DBEA /* Pods-Livre Partage ios-Livre Partage iosUITests.release.xcconfig */,
				632912CFC458EF30630FF404 /* Pods-Livre Partage iosTests.debug.xcconfig */,
				FC5D24039F3FA5F78B3961CF /* Pods-Livre Partage iosTests.release.xcconfig */,
			);
			path = Pods;
			sourceTree = "<group>";
		};
/* End PBXGroup section */

/* Begin PBXNativeTarget section */
		6CB334232578C7DC007D7A99 /* Livre Partage ios */ = {
			isa = PBXNativeTarget;
			buildConfigurationList = 6CB3344E2578C7EF007D7A99 /* Build configuration list for PBXNativeTarget "Livre Partage ios" */;
			buildPhases = (
				10BF6CE99A9603FAFCEC74F3 /* [CP] Check Pods Manifest.lock */,
				6CB334202578C7DC007D7A99 /* Sources */,
				6CB334212578C7DC007D7A99 /* Frameworks */,
				6CB334222578C7DC007D7A99 /* Resources */,
				28D8141FE489A604F64C4301 /* [CP] Embed Pods Frameworks */,
			);
			buildRules = (
			);
			dependencies = (
			);
			name = "Livre Partage ios";
			productName = "Livre Partage ios";
			productReference = 6CB334242578C7DC007D7A99 /* Livre Partage ios.app */;
			productType = "com.apple.product-type.application";
		};
		6CB334392578C7EF007D7A99 /* Livre Partage iosTests */ = {
			isa = PBXNativeTarget;
			buildConfigurationList = 6CB334512578C7EF007D7A99 /* Build configuration list for PBXNativeTarget "Livre Partage iosTests" */;
			buildPhases = (
				122BBCAEA36293938DE4FCFC /* [CP] Check Pods Manifest.lock */,
				6CB334362578C7EF007D7A99 /* Sources */,
				6CB334372578C7EF007D7A99 /* Frameworks */,
				6CB334382578C7EF007D7A99 /* Resources */,
			);
			buildRules = (
			);
			dependencies = (
				6CB3343C2578C7EF007D7A99 /* PBXTargetDependency */,
			);
			name = "Livre Partage iosTests";
			productName = "Livre Partage iosTests";
			productReference = 6CB3343A2578C7EF007D7A99 /* Livre Partage iosTests.xctest */;
			productType = "com.apple.product-type.bundle.unit-test";
		};
		6CB334442578C7EF007D7A99 /* Livre Partage iosUITests */ = {
			isa = PBXNativeTarget;
			buildConfigurationList = 6CB334542578C7EF007D7A99 /* Build configuration list for PBXNativeTarget "Livre Partage iosUITests" */;
			buildPhases = (
				AB2CF3F27DE179B8A79DE15C /* [CP] Check Pods Manifest.lock */,
				6CB334412578C7EF007D7A99 /* Sources */,
				6CB334422578C7EF007D7A99 /* Frameworks */,
				6CB334432578C7EF007D7A99 /* Resources */,
				157766CCA010B7F36436EC59 /* [CP] Embed Pods Frameworks */,
			);
			buildRules = (
			);
			dependencies = (
				6CB334472578C7EF007D7A99 /* PBXTargetDependency */,
			);
			name = "Livre Partage iosUITests";
			productName = "Livre Partage iosUITests";
			productReference = 6CB334452578C7EF007D7A99 /* Livre Partage iosUITests.xctest */;
			productType = "com.apple.product-type.bundle.ui-testing";
		};
/* End PBXNativeTarget section */

/* Begin PBXProject section */
		6CB3341C2578C7DC007D7A99 /* Project object */ = {
			isa = PBXProject;
			attributes = {
				LastSwiftUpdateCheck = 1210;
				LastUpgradeCheck = 1210;
				TargetAttributes = {
					6CB334232578C7DC007D7A99 = {
						CreatedOnToolsVersion = 12.1;
					};
					6CB334392578C7EF007D7A99 = {
						CreatedOnToolsVersion = 12.1;
						TestTargetID = 6CB334232578C7DC007D7A99;
					};
					6CB334442578C7EF007D7A99 = {
						CreatedOnToolsVersion = 12.1;
						TestTargetID = 6CB334232578C7DC007D7A99;
					};
				};
			};
			buildConfigurationList = 6CB3341F2578C7DC007D7A99 /* Build configuration list for PBXProject "Livre Partage ios" */;
			compatibilityVersion = "Xcode 9.3";
			developmentRegion = en;
			hasScannedForEncodings = 0;
			knownRegions = (
				en,
				Base,
			);
			mainGroup = 6CB3341B2578C7DC007D7A99;
			productRefGroup = 6CB334252578C7DC007D7A99 /* Products */;
			projectDirPath = "";
			projectRoot = "";
			targets = (
				6CB334232578C7DC007D7A99 /* Livre Partage ios */,
				6CB334392578C7EF007D7A99 /* Livre Partage iosTests */,
				6CB334442578C7EF007D7A99 /* Livre Partage iosUITests */,
			);
		};
/* End PBXProject section */

/* Begin PBXResourcesBuildPhase section */
		6CB334222578C7DC007D7A99 /* Resources */ = {
			isa = PBXResourcesBuildPhase;
			buildActionMask = 2147483647;
			files = (
				6CB334342578C7EE007D7A99 /* LaunchScreen.storyboard in Resources */,
				6C73F3C42580D9F900F545CD /* GoogleService-Info.plist in Resources */,
				6CB334312578C7EE007D7A99 /* Assets.xcassets in Resources */,
				6CB3342F2578C7DC007D7A99 /* Main.storyboard in Resources */,
			);
			runOnlyForDeploymentPostprocessing = 0;
		};
		6CB334382578C7EF007D7A99 /* Resources */ = {
			isa = PBXResourcesBuildPhase;
			buildActionMask = 2147483647;
			files = (
			);
			runOnlyForDeploymentPostprocessing = 0;
		};
		6CB334432578C7EF007D7A99 /* Resources */ = {
			isa = PBXResourcesBuildPhase;
			buildActionMask = 2147483647;
			files = (
			);
			runOnlyForDeploymentPostprocessing = 0;
		};
/* End PBXResourcesBuildPhase section */

/* Begin PBXShellScriptBuildPhase section */
		10BF6CE99A9603FAFCEC74F3 /* [CP] Check Pods Manifest.lock */ = {
			isa = PBXShellScriptBuildPhase;
			buildActionMask = 2147483647;
			files = (
			);
			inputFileListPaths = (
			);
			inputPaths = (
				"${PODS_PODFILE_DIR_PATH}/Podfile.lock",
				"${PODS_ROOT}/Manifest.lock",
			);
			name = "[CP] Check Pods Manifest.lock";
			outputFileListPaths = (
			);
			outputPaths = (
				"$(DERIVED_FILE_DIR)/Pods-Livre Partage ios-checkManifestLockResult.txt",
			);
			runOnlyForDeploymentPostprocessing = 0;
			shellPath = /bin/sh;
			shellScript = "diff \"${PODS_PODFILE_DIR_PATH}/Podfile.lock\" \"${PODS_ROOT}/Manifest.lock\" > /dev/null\nif [ $? != 0 ] ; then\n    # print error to STDERR\n    echo \"error: The sandbox is not in sync with the Podfile.lock. Run 'pod install' or update your CocoaPods installation.\" >&2\n    exit 1\nfi\n# This output is used by Xcode 'outputs' to avoid re-running this script phase.\necho \"SUCCESS\" > \"${SCRIPT_OUTPUT_FILE_0}\"\n";
			showEnvVarsInLog = 0;
		};
		122BBCAEA36293938DE4FCFC /* [CP] Check Pods Manifest.lock */ = {
			isa = PBXShellScriptBuildPhase;
			buildActionMask = 2147483647;
			files = (
			);
			inputFileListPaths = (
			);
			inputPaths = (
				"${PODS_PODFILE_DIR_PATH}/Podfile.lock",
				"${PODS_ROOT}/Manifest.lock",
			);
			name = "[CP] Check Pods Manifest.lock";
			outputFileListPaths = (
			);
			outputPaths = (
				"$(DERIVED_FILE_DIR)/Pods-Livre Partage iosTests-checkManifestLockResult.txt",
			);
			runOnlyForDeploymentPostprocessing = 0;
			shellPath = /bin/sh;
			shellScript = "diff \"${PODS_PODFILE_DIR_PATH}/Podfile.lock\" \"${PODS_ROOT}/Manifest.lock\" > /dev/null\nif [ $? != 0 ] ; then\n    # print error to STDERR\n    echo \"error: The sandbox is not in sync with the Podfile.lock. Run 'pod install' or update your CocoaPods installation.\" >&2\n    exit 1\nfi\n# This output is used by Xcode 'outputs' to avoid re-running this script phase.\necho \"SUCCESS\" > \"${SCRIPT_OUTPUT_FILE_0}\"\n";
			showEnvVarsInLog = 0;
		};
		157766CCA010B7F36436EC59 /* [CP] Embed Pods Frameworks */ = {
			isa = PBXShellScriptBuildPhase;
			buildActionMask = 2147483647;
			files = (
			);
			inputFileListPaths = (
				"${PODS_ROOT}/Target Support Files/Pods-Livre Partage ios-Livre Partage iosUITests/Pods-Livre Partage ios-Livre Partage iosUITests-frameworks-${CONFIGURATION}-input-files.xcfilelist",
			);
			name = "[CP] Embed Pods Frameworks";
			outputFileListPaths = (
				"${PODS_ROOT}/Target Support Files/Pods-Livre Partage ios-Livre Partage iosUITests/Pods-Livre Partage ios-Livre Partage iosUITests-frameworks-${CONFIGURATION}-output-files.xcfilelist",
			);
			runOnlyForDeploymentPostprocessing = 0;
			shellPath = /bin/sh;
			shellScript = "\"${PODS_ROOT}/Target Support Files/Pods-Livre Partage ios-Livre Partage iosUITests/Pods-Livre Partage ios-Livre Partage iosUITests-frameworks.sh\"\n";
			showEnvVarsInLog = 0;
		};
		28D8141FE489A604F64C4301 /* [CP] Embed Pods Frameworks */ = {
			isa = PBXShellScriptBuildPhase;
			buildActionMask = 2147483647;
			files = (
			);
			inputFileListPaths = (
				"${PODS_ROOT}/Target Support Files/Pods-Livre Partage ios/Pods-Livre Partage ios-frameworks-${CONFIGURATION}-input-files.xcfilelist",
			);
			name = "[CP] Embed Pods Frameworks";
			outputFileListPaths = (
				"${PODS_ROOT}/Target Support Files/Pods-Livre Partage ios/Pods-Livre Partage ios-frameworks-${CONFIGURATION}-output-files.xcfilelist",
			);
			runOnlyForDeploymentPostprocessing = 0;
			shellPath = /bin/sh;
			shellScript = "\"${PODS_ROOT}/Target Support Files/Pods-Livre Partage ios/Pods-Livre Partage ios-frameworks.sh\"\n";
			showEnvVarsInLog = 0;
		};
		AB2CF3F27DE179B8A79DE15C /* [CP] Check Pods Manifest.lock */ = {
			isa = PBXShellScriptBuildPhase;
			buildActionMask = 2147483647;
			files = (
			);
			inputFileListPaths = (
			);
			inputPaths = (
				"${PODS_PODFILE_DIR_PATH}/Podfile.lock",
				"${PODS_ROOT}/Manifest.lock",
			);
			name = "[CP] Check Pods Manifest.lock";
			outputFileListPaths = (
			);
			outputPaths = (
				"$(DERIVED_FILE_DIR)/Pods-Livre Partage ios-Livre Partage iosUITests-checkManifestLockResult.txt",
			);
			runOnlyForDeploymentPostprocessing = 0;
			shellPath = /bin/sh;
			shellScript = "diff \"${PODS_PODFILE_DIR_PATH}/Podfile.lock\" \"${PODS_ROOT}/Manifest.lock\" > /dev/null\nif [ $? != 0 ] ; then\n    # print error to STDERR\n    echo \"error: The sandbox is not in sync with the Podfile.lock. Run 'pod install' or update your CocoaPods installation.\" >&2\n    exit 1\nfi\n# This output is used by Xcode 'outputs' to avoid re-running this script phase.\necho \"SUCCESS\" > \"${SCRIPT_OUTPUT_FILE_0}\"\n";
			showEnvVarsInLog = 0;
		};
/* End PBXShellScriptBuildPhase section */

/* Begin PBXSourcesBuildPhase section */
		6CB334202578C7DC007D7A99 /* Sources */ = {
			isa = PBXSourcesBuildPhase;
			buildActionMask = 2147483647;
			files = (
				6CB334622578DC83007D7A99 /* APIManager.swift in Sources */,
				6CB334282578C7DC007D7A99 /* AppDelegate.swift in Sources */,
				6C62F6AC257E3A5F00AB34DE /* TableViewCell.swift in Sources */,
				E39FA5FA2580BF3200A3AAD2 /* BookTableViewCell.swift in Sources */,
				6C62F6B1257E3A9B00AB34DE /* ViewController.swift in Sources */,
				6CB3342A2578C7DC007D7A99 /* SceneDelegate.swift in Sources */,
				6C62F698257E116500AB34DE /* API.swift in Sources */,
				6C9618232582186000B626E0 /* BookView.swift in Sources */,
			);
			runOnlyForDeploymentPostprocessing = 0;
		};
		6CB334362578C7EF007D7A99 /* Sources */ = {
			isa = PBXSourcesBuildPhase;
			buildActionMask = 2147483647;
			files = (
				6CB3343F2578C7EF007D7A99 /* Livre_Partage_iosTests.swift in Sources */,
			);
			runOnlyForDeploymentPostprocessing = 0;
		};
		6CB334412578C7EF007D7A99 /* Sources */ = {
			isa = PBXSourcesBuildPhase;
			buildActionMask = 2147483647;
			files = (
				6CB3344A2578C7EF007D7A99 /* Livre_Partage_iosUITests.swift in Sources */,
			);
			runOnlyForDeploymentPostprocessing = 0;
		};
/* End PBXSourcesBuildPhase section */

/* Begin PBXTargetDependency section */
		6CB3343C2578C7EF007D7A99 /* PBXTargetDependency */ = {
			isa = PBXTargetDependency;
			target = 6CB334232578C7DC007D7A99 /* Livre Partage ios */;
			targetProxy = 6CB3343B2578C7EF007D7A99 /* PBXContainerItemProxy */;
		};
		6CB334472578C7EF007D7A99 /* PBXTargetDependency */ = {
			isa = PBXTargetDependency;
			target = 6CB334232578C7DC007D7A99 /* Livre Partage ios */;
			targetProxy = 6CB334462578C7EF007D7A99 /* PBXContainerItemProxy */;
		};
/* End PBXTargetDependency section */

/* Begin PBXVariantGroup section */
		6CB3342D2578C7DC007D7A99 /* Main.storyboard */ = {
			isa = PBXVariantGroup;
			children = (
				6CB3342E2578C7DC007D7A99 /* Base */,
			);
			name = Main.storyboard;
			sourceTree = "<group>";
		};
		6CB334322578C7EE007D7A99 /* LaunchScreen.storyboard */ = {
			isa = PBXVariantGroup;
			children = (
				6CB334332578C7EE007D7A99 /* Base */,
			);
			name = LaunchScreen.storyboard;
			sourceTree = "<group>";
		};
/* End PBXVariantGroup section */

/* Begin XCBuildConfiguration section */
		6CB3344C2578C7EF007D7A99 /* Debug */ = {
			isa = XCBuildConfiguration;
			buildSettings = {
				ALWAYS_SEARCH_USER_PATHS = NO;
				CLANG_ANALYZER_NONNULL = YES;
				CLANG_ANALYZER_NUMBER_OBJECT_CONVERSION = YES_AGGRESSIVE;
				CLANG_CXX_LANGUAGE_STANDARD = "gnu++14";
				CLANG_CXX_LIBRARY = "libc++";
				CLANG_ENABLE_MODULES = YES;
				CLANG_ENABLE_OBJC_ARC = YES;
				CLANG_ENABLE_OBJC_WEAK = YES;
				CLANG_WARN_BLOCK_CAPTURE_AUTORELEASING = YES;
				CLANG_WARN_BOOL_CONVERSION = YES;
				CLANG_WARN_COMMA = YES;
				CLANG_WARN_CONSTANT_CONVERSION = YES;
				CLANG_WARN_DEPRECATED_OBJC_IMPLEMENTATIONS = YES;
				CLANG_WARN_DIRECT_OBJC_ISA_USAGE = YES_ERROR;
				CLANG_WARN_DOCUMENTATION_COMMENTS = YES;
				CLANG_WARN_EMPTY_BODY = YES;
				CLANG_WARN_ENUM_CONVERSION = YES;
				CLANG_WARN_INFINITE_RECURSION = YES;
				CLANG_WARN_INT_CONVERSION = YES;
				CLANG_WARN_NON_LITERAL_NULL_CONVERSION = YES;
				CLANG_WARN_OBJC_IMPLICIT_RETAIN_SELF = YES;
				CLANG_WARN_OBJC_LITERAL_CONVERSION = YES;
				CLANG_WARN_OBJC_ROOT_CLASS = YES_ERROR;
				CLANG_WARN_QUOTED_INCLUDE_IN_FRAMEWORK_HEADER = YES;
				CLANG_WARN_RANGE_LOOP_ANALYSIS = YES;
				CLANG_WARN_STRICT_PROTOTYPES = YES;
				CLANG_WARN_SUSPICIOUS_MOVE = YES;
				CLANG_WARN_UNGUARDED_AVAILABILITY = YES_AGGRESSIVE;
				CLANG_WARN_UNREACHABLE_CODE = YES;
				CLANG_WARN__DUPLICATE_METHOD_MATCH = YES;
				COPY_PHASE_STRIP = NO;
				DEBUG_INFORMATION_FORMAT = dwarf;
				ENABLE_STRICT_OBJC_MSGSEND = YES;
				ENABLE_TESTABILITY = YES;
				GCC_C_LANGUAGE_STANDARD = gnu11;
				GCC_DYNAMIC_NO_PIC = NO;
				GCC_NO_COMMON_BLOCKS = YES;
				GCC_OPTIMIZATION_LEVEL = 0;
				GCC_PREPROCESSOR_DEFINITIONS = (
					"DEBUG=1",
					"$(inherited)",
				);
				GCC_WARN_64_TO_32_BIT_CONVERSION = YES;
				GCC_WARN_ABOUT_RETURN_TYPE = YES_ERROR;
				GCC_WARN_UNDECLARED_SELECTOR = YES;
				GCC_WARN_UNINITIALIZED_AUTOS = YES_AGGRESSIVE;
				GCC_WARN_UNUSED_FUNCTION = YES;
				GCC_WARN_UNUSED_VARIABLE = YES;
				IPHONEOS_DEPLOYMENT_TARGET = 14.1;
				MTL_ENABLE_DEBUG_INFO = INCLUDE_SOURCE;
				MTL_FAST_MATH = YES;
				ONLY_ACTIVE_ARCH = YES;
				SDKROOT = iphoneos;
				SWIFT_ACTIVE_COMPILATION_CONDITIONS = DEBUG;
				SWIFT_OPTIMIZATION_LEVEL = "-Onone";
			};
			name = Debug;
		};
		6CB3344D2578C7EF007D7A99 /* Release */ = {
			isa = XCBuildConfiguration;
			buildSettings = {
				ALWAYS_SEARCH_USER_PATHS = NO;
				CLANG_ANALYZER_NONNULL = YES;
				CLANG_ANALYZER_NUMBER_OBJECT_CONVERSION = YES_AGGRESSIVE;
				CLANG_CXX_LANGUAGE_STANDARD = "gnu++14";
				CLANG_CXX_LIBRARY = "libc++";
				CLANG_ENABLE_MODULES = YES;
				CLANG_ENABLE_OBJC_ARC = YES;
				CLANG_ENABLE_OBJC_WEAK = YES;
				CLANG_WARN_BLOCK_CAPTURE_AUTORELEASING = YES;
				CLANG_WARN_BOOL_CONVERSION = YES;
				CLANG_WARN_COMMA = YES;
				CLANG_WARN_CONSTANT_CONVERSION = YES;
				CLANG_WARN_DEPRECATED_OBJC_IMPLEMENTATIONS = YES;
				CLANG_WARN_DIRECT_OBJC_ISA_USAGE = YES_ERROR;
				CLANG_WARN_DOCUMENTATION_COMMENTS = YES;
				CLANG_WARN_EMPTY_BODY = YES;
				CLANG_WARN_ENUM_CONVERSION = YES;
				CLANG_WARN_INFINITE_RECURSION = YES;
				CLANG_WARN_INT_CONVERSION = YES;
				CLANG_WARN_NON_LITERAL_NULL_CONVERSION = YES;
				CLANG_WARN_OBJC_IMPLICIT_RETAIN_SELF = YES;
				CLANG_WARN_OBJC_LITERAL_CONVERSION = YES;
				CLANG_WARN_OBJC_ROOT_CLASS = YES_ERROR;
				CLANG_WARN_QUOTED_INCLUDE_IN_FRAMEWORK_HEADER = YES;
				CLANG_WARN_RANGE_LOOP_ANALYSIS = YES;
				CLANG_WARN_STRICT_PROTOTYPES = YES;
				CLANG_WARN_SUSPICIOUS_MOVE = YES;
				CLANG_WARN_UNGUARDED_AVAILABILITY = YES_AGGRESSIVE;
				CLANG_WARN_UNREACHABLE_CODE = YES;
				CLANG_WARN__DUPLICATE_METHOD_MATCH = YES;
				COPY_PHASE_STRIP = NO;
				DEBUG_INFORMATION_FORMAT = "dwarf-with-dsym";
				ENABLE_NS_ASSERTIONS = NO;
				ENABLE_STRICT_OBJC_MSGSEND = YES;
				GCC_C_LANGUAGE_STANDARD = gnu11;
				GCC_NO_COMMON_BLOCKS = YES;
				GCC_WARN_64_TO_32_BIT_CONVERSION = YES;
				GCC_WARN_ABOUT_RETURN_TYPE = YES_ERROR;
				GCC_WARN_UNDECLARED_SELECTOR = YES;
				GCC_WARN_UNINITIALIZED_AUTOS = YES_AGGRESSIVE;
				GCC_WARN_UNUSED_FUNCTION = YES;
				GCC_WARN_UNUSED_VARIABLE = YES;
				IPHONEOS_DEPLOYMENT_TARGET = 14.1;
				MTL_ENABLE_DEBUG_INFO = NO;
				MTL_FAST_MATH = YES;
				SDKROOT = iphoneos;
				SWIFT_COMPILATION_MODE = wholemodule;
				SWIFT_OPTIMIZATION_LEVEL = "-O";
				VALIDATE_PRODUCT = YES;
			};
			name = Release;
		};
		6CB3344F2578C7EF007D7A99 /* Debug */ = {
			isa = XCBuildConfiguration;
			baseConfigurationReference = 053BD772B03F95CB02783E3A /* Pods-Livre Partage ios.debug.xcconfig */;
			buildSettings = {
				ASSETCATALOG_COMPILER_APPICON_NAME = AppIcon;
				ASSETCATALOG_COMPILER_GLOBAL_ACCENT_COLOR_NAME = AccentColor;
				CODE_SIGN_STYLE = Automatic;
				INFOPLIST_FILE = "Livre Partage ios/Info.plist";
				LD_RUNPATH_SEARCH_PATHS = (
					"$(inherited)",
					"@executable_path/Frameworks",
				);
				PRODUCT_BUNDLE_IDENTIFIER = "angel.Livre-Partage-ios";
				PRODUCT_NAME = "$(TARGET_NAME)";
				SWIFT_VERSION = 5.0;
				TARGETED_DEVICE_FAMILY = "1,2";
			};
			name = Debug;
		};
		6CB334502578C7EF007D7A99 /* Release */ = {
			isa = XCBuildConfiguration;
			baseConfigurationReference = AD358A3EFF0425D759B88FA0 /* Pods-Livre Partage ios.release.xcconfig */;
			buildSettings = {
				ASSETCATALOG_COMPILER_APPICON_NAME = AppIcon;
				ASSETCATALOG_COMPILER_GLOBAL_ACCENT_COLOR_NAME = AccentColor;
				CODE_SIGN_STYLE = Automatic;
				INFOPLIST_FILE = "Livre Partage ios/Info.plist";
				LD_RUNPATH_SEARCH_PATHS = (
					"$(inherited)",
					"@executable_path/Frameworks",
				);
				PRODUCT_BUNDLE_IDENTIFIER = "angel.Livre-Partage-ios";
				PRODUCT_NAME = "$(TARGET_NAME)";
				SWIFT_VERSION = 5.0;
				TARGETED_DEVICE_FAMILY = "1,2";
			};
			name = Release;
		};
		6CB334522578C7EF007D7A99 /* Debug */ = {
			isa = XCBuildConfiguration;
			baseConfigurationReference = 632912CFC458EF30630FF404 /* Pods-Livre Partage iosTests.debug.xcconfig */;
			buildSettings = {
				ALWAYS_EMBED_SWIFT_STANDARD_LIBRARIES = YES;
				BUNDLE_LOADER = "$(TEST_HOST)";
				CODE_SIGN_STYLE = Automatic;
				INFOPLIST_FILE = "Livre Partage iosTests/Info.plist";
				IPHONEOS_DEPLOYMENT_TARGET = 14.1;
				LD_RUNPATH_SEARCH_PATHS = (
					"$(inherited)",
					"@executable_path/Frameworks",
					"@loader_path/Frameworks",
				);
				PRODUCT_BUNDLE_IDENTIFIER = "angel.Livre-Partage-iosTests";
				PRODUCT_NAME = "$(TARGET_NAME)";
				SWIFT_VERSION = 5.0;
				TARGETED_DEVICE_FAMILY = "1,2";
				TEST_HOST = "$(BUILT_PRODUCTS_DIR)/Livre Partage ios.app/Livre Partage ios";
			};
			name = Debug;
		};
		6CB334532578C7EF007D7A99 /* Release */ = {
			isa = XCBuildConfiguration;
			baseConfigurationReference = FC5D24039F3FA5F78B3961CF /* Pods-Livre Partage iosTests.release.xcconfig */;
			buildSettings = {
				ALWAYS_EMBED_SWIFT_STANDARD_LIBRARIES = YES;
				BUNDLE_LOADER = "$(TEST_HOST)";
				CODE_SIGN_STYLE = Automatic;
				INFOPLIST_FILE = "Livre Partage iosTests/Info.plist";
				IPHONEOS_DEPLOYMENT_TARGET = 14.1;
				LD_RUNPATH_SEARCH_PATHS = (
					"$(inherited)",
					"@executable_path/Frameworks",
					"@loader_path/Frameworks",
				);
				PRODUCT_BUNDLE_IDENTIFIER = "angel.Livre-Partage-iosTests";
				PRODUCT_NAME = "$(TARGET_NAME)";
				SWIFT_VERSION = 5.0;
				TARGETED_DEVICE_FAMILY = "1,2";
				TEST_HOST = "$(BUILT_PRODUCTS_DIR)/Livre Partage ios.app/Livre Partage ios";
			};
			name = Release;
		};
		6CB334552578C7EF007D7A99 /* Debug */ = {
			isa = XCBuildConfiguration;
			baseConfigurationReference = 7AF40A3CCA5EB1E9E67045F1 /* Pods-Livre Partage ios-Livre Partage iosUITests.debug.xcconfig */;
			buildSettings = {
				ALWAYS_EMBED_SWIFT_STANDARD_LIBRARIES = YES;
				CODE_SIGN_STYLE = Automatic;
				INFOPLIST_FILE = "Livre Partage iosUITests/Info.plist";
				LD_RUNPATH_SEARCH_PATHS = (
					"$(inherited)",
					"@executable_path/Frameworks",
					"@loader_path/Frameworks",
				);
				PRODUCT_BUNDLE_IDENTIFIER = "angel.Livre-Partage-iosUITests";
				PRODUCT_NAME = "$(TARGET_NAME)";
				SWIFT_VERSION = 5.0;
				TARGETED_DEVICE_FAMILY = "1,2";
				TEST_TARGET_NAME = "Livre Partage ios";
			};
			name = Debug;
		};
		6CB334562578C7EF007D7A99 /* Release */ = {
			isa = XCBuildConfiguration;
			baseConfigurationReference = 500552F2A10D94BDB601DBEA /* Pods-Livre Partage ios-Livre Partage iosUITests.release.xcconfig */;
			buildSettings = {
				ALWAYS_EMBED_SWIFT_STANDARD_LIBRARIES = YES;
				CODE_SIGN_STYLE = Automatic;
				INFOPLIST_FILE = "Livre Partage iosUITests/Info.plist";
				LD_RUNPATH_SEARCH_PATHS = (
					"$(inherited)",
					"@executable_path/Frameworks",
					"@loader_path/Frameworks",
				);
				PRODUCT_BUNDLE_IDENTIFIER = "angel.Livre-Partage-iosUITests";
				PRODUCT_NAME = "$(TARGET_NAME)";
				SWIFT_VERSION = 5.0;
				TARGETED_DEVICE_FAMILY = "1,2";
				TEST_TARGET_NAME = "Livre Partage ios";
			};
			name = Release;
		};
/* End XCBuildConfiguration section */

/* Begin XCConfigurationList section */
		6CB3341F2578C7DC007D7A99 /* Build configuration list for PBXProject "Livre Partage ios" */ = {
			isa = XCConfigurationList;
			buildConfigurations = (
				6CB3344C2578C7EF007D7A99 /* Debug */,
				6CB3344D2578C7EF007D7A99 /* Release */,
			);
			defaultConfigurationIsVisible = 0;
			defaultConfigurationName = Release;
		};
		6CB3344E2578C7EF007D7A99 /* Build configuration list for PBXNativeTarget "Livre Partage ios" */ = {
			isa = XCConfigurationList;
			buildConfigurations = (
				6CB3344F2578C7EF007D7A99 /* Debug */,
				6CB334502578C7EF007D7A99 /* Release */,
			);
			defaultConfigurationIsVisible = 0;
			defaultConfigurationName = Release;
		};
		6CB334512578C7EF007D7A99 /* Build configuration list for PBXNativeTarget "Livre Partage iosTests" */ = {
			isa = XCConfigurationList;
			buildConfigurations = (
				6CB334522578C7EF007D7A99 /* Debug */,
				6CB334532578C7EF007D7A99 /* Release */,
			);
			defaultConfigurationIsVisible = 0;
			defaultConfigurationName = Release;
		};
		6CB334542578C7EF007D7A99 /* Build configuration list for PBXNativeTarget "Livre Partage iosUITests" */ = {
			isa = XCConfigurationList;
			buildConfigurations = (
				6CB334552578C7EF007D7A99 /* Debug */,
				6CB334562578C7EF007D7A99 /* Release */,
			);
			defaultConfigurationIsVisible = 0;
			defaultConfigurationName = Release;
		};
/* End XCConfigurationList section */
	};
	rootObject = 6CB3341C2578C7DC007D7A99 /* Project object */;
}
